
Microsoft Visual Studio Solution File, Format Version 12.00
# Visual Studio 15
VisualStudioVersion = 15.0.26730.16
MinimumVisualStudioVersion = 10.0.40219.1
Project("{FAE04EC0-301F-11D3-BF4B-00C04F79EFBC}") = "SocialNetwork.Web", "SocialNetwork.Web\SocialNetwork.Web.csproj", "{0C81A2D0-54F7-4259-AB0C-C44ED5FF6183}"
EndProject
Project("{FAE04EC0-301F-11D3-BF4B-00C04F79EFBC}") = "SocialNetwork.DataModel", "SocialNetwork.DataModel\SocialNetwork.DataModel.csproj", "{8653074C-ECF3-410E-8F7F-7FDAB81821E5}"
EndProject
Global
	GlobalSection(SolutionConfigurationPlatforms) = preSolution
		Debug|Any CPU = Debug|Any CPU
		Release|Any CPU = Release|Any CPU
	EndGlobalSection
	GlobalSection(ProjectConfigurationPlatforms) = postSolution
		{0C81A2D0-54F7-4259-AB0C-C44ED5FF6183}.Debug|Any CPU.ActiveCfg = Debug|Any CPU
		{0C81A2D0-54F7-4259-AB0C-C44ED5FF6183}.Debug|Any CPU.Build.0 = Debug|Any CPU
		{0C81A2D0-54F7-4259-AB0C-C44ED5FF6183}.Release|Any CPU.ActiveCfg = Release|Any CPU
		{0C81A2D0-54F7-4259-AB0C-C44ED5FF6183}.Release|Any CPU.Build.0 = Release|Any CPU
		{8653074C-ECF3-410E-8F7F-7FDAB81821E5}.Debug|Any CPU.ActiveCfg = Debug|Any CPU
		{8653074C-ECF3-410E-8F7F-7FDAB81821E5}.Debug|Any CPU.Build.0 = Debug|Any CPU
		{8653074C-ECF3-410E-8F7F-7FDAB81821E5}.Release|Any CPU.ActiveCfg = Release|Any CPU
		{8653074C-ECF3-410E-8F7F-7FDAB81821E5}.Release|Any CPU.Build.0 = Release|Any CPU
	EndGlobalSection
	GlobalSection(SolutionProperties) = preSolution
		HideSolutionNode = FALSE
	EndGlobalSection
	GlobalSection(ExtensibilityGlobals) = postSolution
		SolutionGuid = {3661EFF2-95C5-47BC-B12E-170580A23F40}
	EndGlobalSection
EndGlobal
